
Microsoft Visual Studio Solution File, Format Version 12.00
# Visual Studio Version 16
VisualStudioVersion = 16.0.29519.87
MinimumVisualStudioVersion = 10.0.40219.1
Project("{9A19103F-16F7-4668-BE54-9A1E7A4F7556}") = "PreparationProj", "PreparationProj\PreparationProj.csproj", "{0BE236F0-2804-49FD-AF1F-620A50DBC650}"
EndProject
Project("{2150E333-8FDC-42A3-9474-1A3956D46DE8}") = "Solution Items", "Solution Items", "{68FFDDF0-2CAB-47CB-A9D1-407ADAF1198C}"
	ProjectSection(SolutionItems) = preProject
		const vs readonly.txt = const vs readonly.txt
		Sealed vs Private_Ctor.txt = Sealed vs Private_Ctor.txt
	EndProjectSection
EndProject
Global
	GlobalSection(SolutionConfigurationPlatforms) = preSolution
		Debug|Any CPU = Debug|Any CPU
		Release|Any CPU = Release|Any CPU
	EndGlobalSection
	GlobalSection(ProjectConfigurationPlatforms) = postSolution
		{0BE236F0-2804-49FD-AF1F-620A50DBC650}.Debug|Any CPU.ActiveCfg = Debug|Any CPU
		{0BE236F0-2804-49FD-AF1F-620A50DBC650}.Debug|Any CPU.Build.0 = Debug|Any CPU
		{0BE236F0-2804-49FD-AF1F-620A50DBC650}.Release|Any CPU.ActiveCfg = Release|Any CPU
		{0BE236F0-2804-49FD-AF1F-620A50DBC650}.Release|Any CPU.Build.0 = Release|Any CPU
	EndGlobalSection
	GlobalSection(SolutionProperties) = preSolution
		HideSolutionNode = FALSE
	EndGlobalSection
	GlobalSection(ExtensibilityGlobals) = postSolution
		SolutionGuid = {8EBBC2FB-D511-4229-A63A-29D20D2EBF57}
	EndGlobalSection
EndGlobal
